
Microsoft Visual Studio Solution File, Format Version 12.00
# Visual Studio 14
VisualStudioVersion = 14.0.24720.0
MinimumVisualStudioVersion = 10.0.40219.1
Project("{FAE04EC0-301F-11D3-BF4B-00C04F79EFBC}") = "AP_Project_1", "AP_Project_1\AP_Project_1.csproj", "{569FFF88-18FD-4236-93E2-F8A0CDF2DDEC}"
EndProject
Global
	GlobalSection(SolutionConfigurationPlatforms) = preSolution
		Debug|Any CPU = Debug|Any CPU
		Release|Any CPU = Release|Any CPU
	EndGlobalSection
	GlobalSection(ProjectConfigurationPlatforms) = postSolution
		{569FFF88-18FD-4236-93E2-F8A0CDF2DDEC}.Debug|Any CPU.ActiveCfg = Debug|Any CPU
		{569FFF88-18FD-4236-93E2-F8A0CDF2DDEC}.Debug|Any CPU.Build.0 = Debug|Any CPU
		{569FFF88-18FD-4236-93E2-F8A0CDF2DDEC}.Release|Any CPU.ActiveCfg = Release|Any CPU
		{569FFF88-18FD-4236-93E2-F8A0CDF2DDEC}.Release|Any CPU.Build.0 = Release|Any CPU
	EndGlobalSection
	GlobalSection(SolutionProperties) = preSolution
		HideSolutionNode = FALSE
	EndGlobalSection
EndGlobal
